<?xml version="1.0" encoding="utf-8"?>
<Project ToolsVersion="4.0" xmlns="http://schemas.microsoft.com/developer/msbuild/2003">
  <ItemGroup>
    <Filter Include="Spirit">
      <UniqueIdentifier>{2070A1D1-0C12-CCA7-F5CC-DFFBE10D53F8}</UniqueIdentifier>
    </Filter>
    <Filter Include="Spirit\Events">
      <UniqueIdentifier>{04B853B3-7078-CFE9-39B3-1867A53214C6}</UniqueIdentifier>
    </Filter>
    <Filter Include="Spirit\Platform">
      <UniqueIdentifier>{74D03FF3-E05B-ADB7-E96C-30AC557709B8}</UniqueIdentifier>
    </Filter>
    <Filter Include="Spirit\Platform\Windows">
      <UniqueIdentifier>{AEAE802C-1AE6-C8C3-23F0-2CE78FA6EFBC}</UniqueIdentifier>
    </Filter>
    <Filter Include="Spirit\maths">
      <UniqueIdentifier>{AC18CB55-987B-5AFA-4101-93B02D43267D}</UniqueIdentifier>
    </Filter>
  </ItemGroup>
  <ItemGroup>
    <ClInclude Include="src\Spirit.h" />
    <ClInclude Include="src\Spirit\Application.h">
      <Filter>Spirit</Filter>
    </ClInclude>
    <ClInclude Include="src\Spirit\Core.h">
      <Filter>Spirit</Filter>
    </ClInclude>
    <ClInclude Include="src\Spirit\EntryPoint.h">
      <Filter>Spirit</Filter>
    </ClInclude>
    <ClInclude Include="src\Spirit\Events\ApplicationEvent.h">
      <Filter>Spirit\Events</Filter>
    </ClInclude>
    <ClInclude Include="src\Spirit\Events\Event.h">
      <Filter>Spirit\Events</Filter>
    </ClInclude>
    <ClInclude Include="src\Spirit\Events\KeyEvent.h">
      <Filter>Spirit\Events</Filter>
    </ClInclude>
    <ClInclude Include="src\Spirit\Events\MouseEvent.h">
      <Filter>Spirit\Events</Filter>
    </ClInclude>
    <ClInclude Include="src\Spirit\Log.h">
      <Filter>Spirit</Filter>
    </ClInclude>
    <ClInclude Include="src\Spirit\Platform\Windows\WindowsWindow.h">
      <Filter>Spirit\Platform\Windows</Filter>
    </ClInclude>
    <ClInclude Include="src\Spirit\Window.h">
      <Filter>Spirit</Filter>
    </ClInclude>
    <ClInclude Include="src\Spirit\maths\mat4.h">
      <Filter>Spirit\maths</Filter>
    </ClInclude>
    <ClInclude Include="src\Spirit\maths\maths.h">
      <Filter>Spirit\maths</Filter>
    </ClInclude>
    <ClInclude Include="src\Spirit\maths\maths_func.h">
      <Filter>Spirit\maths</Filter>
    </ClInclude>
    <ClInclude Include="src\Spirit\maths\vec2.h">
      <Filter>Spirit\maths</Filter>
    </ClInclude>
    <ClInclude Include="src\Spirit\maths\vec3.h">
      <Filter>Spirit\maths</Filter>
    </ClInclude>
    <ClInclude Include="src\Spirit\maths\vec4.h">
      <Filter>Spirit\maths</Filter>
    </ClInclude>
    <ClInclude Include="src\spiritpch.h" />
  </ItemGroup>
  <ItemGroup>
    <ClCompile Include="src\Spirit\Application.cpp">
      <Filter>Spirit</Filter>
    </ClCompile>
    <ClCompile Include="src\Spirit\Log.cpp">
      <Filter>Spirit</Filter>
    </ClCompile>
    <ClCompile Include="src\Spirit\Platform\Windows\WindowsWindow.cpp">
      <Filter>Spirit\Platform\Windows</Filter>
    </ClCompile>
    <ClCompile Include="src\Spirit\Window.cpp">
      <Filter>Spirit</Filter>
    </ClCompile>
    <ClCompile Include="src\Spirit\maths\mat4.cpp">
      <Filter>Spirit\maths</Filter>
    </ClCompile>
    <ClCompile Include="src\Spirit\maths\vec2.cpp">
      <Filter>Spirit\maths</Filter>
    </ClCompile>
    <ClCompile Include="src\Spirit\maths\vec3.cpp">
      <Filter>Spirit\maths</Filter>
    </ClCompile>
    <ClCompile Include="src\Spirit\maths\vec4.cpp">
      <Filter>Spirit\maths</Filter>
    </ClCompile>
    <ClCompile Include="src\spiritpch.cpp" />
  </ItemGroup>
</Project>